
Microsoft Visual Studio Solution File, Format Version 12.00
# Visual Studio Version 17
VisualStudioVersion = 17.11.35327.3
MinimumVisualStudioVersion = 10.0.40219.1
Project("{FAE04EC0-301F-11D3-BF4B-00C04F79EFBC}") = "SistemaLogin", "SistemaLogin\SistemaLogin.csproj", "{24527583-E28A-4EDD-9378-EA125216E68B}"
EndProject
Global
	GlobalSection(SolutionConfigurationPlatforms) = preSolution
		Debug|Any CPU = Debug|Any CPU
		Release|Any CPU = Release|Any CPU
	EndGlobalSection
	GlobalSection(ProjectConfigurationPlatforms) = postSolution
		{24527583-E28A-4EDD-9378-EA125216E68B}.Debug|Any CPU.ActiveCfg = Debug|Any CPU
		{24527583-E28A-4EDD-9378-EA125216E68B}.Debug|Any CPU.Build.0 = Debug|Any CPU
		{24527583-E28A-4EDD-9378-EA125216E68B}.Release|Any CPU.ActiveCfg = Release|Any CPU
		{24527583-E28A-4EDD-9378-EA125216E68B}.Release|Any CPU.Build.0 = Release|Any CPU
	EndGlobalSection
	GlobalSection(SolutionProperties) = preSolution
		HideSolutionNode = FALSE
	EndGlobalSection
	GlobalSection(ExtensibilityGlobals) = postSolution
		SolutionGuid = {50FD0EF1-A963-4118-A1F6-12172E2FD61C}
	EndGlobalSection
EndGlobal
